{
    "_readme": [
        "This file locks the dependencies of your project to a known state",
        "Read more about it at https://getcomposer.org/doc/01-basic-usage.md#installing-dependencies",
        "This file is @generated automatically"
    ],
    "content-hash": "e74dc905efdd6922f11135f1d53687b7",
    "packages": [
        {
            "name": "websyspro/arrowtosql",
            "version": "1.0.10",
            "source": {
                "type": "git",
                "url": "https://github.com/websyspro/arrowtosql.git",
                "reference": "b83fef1435bd00672a74290299223cd9ce6db6aa"
            },
            "dist": {
                "type": "zip",
                "url": "https://api.github.com/repos/websyspro/arrowtosql/zipball/b83fef1435bd00672a74290299223cd9ce6db6aa",
                "reference": "b83fef1435bd00672a74290299223cd9ce6db6aa",
                "shasum": ""
            },
            "require": {
                "websyspro/connection": "^1.0",
                "websyspro/entity": "^1.0",
                "websyspro/logger": "^1.0",
                "websyspro/package": "^1.0",
                "websyspro/utils": "^1.0"
            },
            "type": "library",
            "autoload": {
                "psr-4": {
                    "Websyspro\\ArrowToSql\\": "src/"
                }
            },
            "notification-url": "https://packagist.org/downloads/",
            "license": [
                "MIT"
            ],
            "authors": [
                {
                    "name": "websyspro",
                    "email": "websyspro.services@gmail.com"
                }
            ],
            "description": "Convert Arrow FN into SQL queries",
            "support": {
                "issues": "https://github.com/websyspro/arrowtosql/issues",
                "source": "https://github.com/websyspro/arrowtosql/tree/1.0.10"
            },
            "time": "2026-09-21T21:23:04+00:00"
        },
        {
            "name": "websyspro/connection",
            "version": "1.0.7",
            "source": {
                "type": "git",
                "url": "https://github.com/websyspro/connection.git",
                "reference": "a0b1c1bcdc35f0dfaa7e511d635e8c3e24d92582"
            },
            "dist": {
                "type": "zip",
                "url": "https://api.github.com/repos/websyspro/connection/zipball/a0b1c1bcdc35f0dfaa7e511d635e8c3e24d92582",
                "reference": "a0b1c1bcdc35f0dfaa7e511d635e8c3e24d92582",
                "shasum": ""
            },
            "require": {
                "websyspro/package": "^1.0",
                "websyspro/utils": "^1.0"
            },
            "type": "library",
            "autoload": {
                "psr-4": {
                    "Websyspro\\Connection\\": "src/"
                }
            },
            "notification-url": "https://packagist.org/downloads/",
            "license": [
                "MIT"
            ],
            "authors": [
                {
                    "name": "websyspro",
                    "email": "websyspro.services@gmail.com"
                }
            ],
            "description": "Connection to MySQL, PostgreSQL, and SQL Server databases",
            "support": {
                "issues": "https://github.com/websyspro/connection/issues",
                "source": "https://github.com/websyspro/connection/tree/1.0.7"
            },
            "time": "2026-09-19T14:45:43+00:00"
        },
        {
            "name": "websyspro/devtools",
            "version": "1.0.161",
            "source": {
                "type": "git",
                "url": "https://github.com/websyspro/devtools.git",
                "reference": "4c62ac846dce2e7920ce920ef960a938d73b822d"
            },
            "dist": {
                "type": "zip",
                "url": "https://api.github.com/repos/websyspro/devtools/zipball/4c62ac846dce2e7920ce920ef960a938d73b822d",
                "reference": "4c62ac846dce2e7920ce920ef960a938d73b822d",
                "shasum": ""
            },
            "require": {
                "websyspro/logger": "^1.0",
                "websyspro/package": "^1.0",
                "websyspro/utils": "^1.0"
            },
            "bin": [
                "bin/server-restart",
                "bin/browser-reload"
            ],
            "type": "library",
            "autoload": {
                "psr-4": {
                    "Websyspro\\DevTools\\": "src/"
                }
            },
            "notification-url": "https://packagist.org/downloads/",
            "license": [
                "MIT"
            ],
            "authors": [
                {
                    "name": "websyspro",
                    "email": "websyspro.services@gmail.com"
                }
            ],
            "description": "Set of features for hot reloads during development",
            "support": {
                "issues": "https://github.com/websyspro/devtools/issues",
                "source": "https://github.com/websyspro/devtools/tree/1.0.161"
            },
            "time": "2026-09-18T21:30:39+00:00"
        },
        {
            "name": "websyspro/entity",
            "version": "1.0.42",
            "source": {
                "type": "git",
                "url": "https://github.com/websyspro/entity.git",
                "reference": "329fe6b9ceab85071bb75ffd8261e2dbb49a40ec"
            },
            "dist": {
                "type": "zip",
                "url": "https://api.github.com/repos/websyspro/entity/zipball/329fe6b9ceab85071bb75ffd8261e2dbb49a40ec",
                "reference": "329fe6b9ceab85071bb75ffd8261e2dbb49a40ec",
                "shasum": ""
            },
            "require": {
                "websyspro/connection": "^1.0",
                "websyspro/package": "^1.0",
                "websyspro/utils": "^1.0"
            },
            "type": "library",
            "autoload": {
                "psr-4": {
                    "Websyspro\\Entity\\": "src/"
                }
            },
            "notification-url": "https://packagist.org/downloads/",
            "license": [
                "MIT"
            ],
            "authors": [
                {
                    "name": "websyspro",
                    "email": "websyspro.services@gmail.com"
                }
            ],
            "description": "Library for managing controllers and services",
            "support": {
                "issues": "https://github.com/websyspro/entity/issues",
                "source": "https://github.com/websyspro/entity/tree/1.0.42"
            },
            "time": "2026-09-23T23:18:52+00:00"
        },
        {
            "name": "websyspro/logger",
            "version": "1.0.39",
            "source": {
                "type": "git",
                "url": "https://github.com/websyspro/logger.git",
                "reference": "6b269a6269043eb60a188056490556153bf77bdb"
            },
            "dist": {
                "type": "zip",
                "url": "https://api.github.com/repos/websyspro/logger/zipball/6b269a6269043eb60a188056490556153bf77bdb",
                "reference": "6b269a6269043eb60a188056490556153bf77bdb",
                "shasum": ""
            },
            "require": {
                "php": ">=7.4"
            },
            "require-dev": {
                "websyspro/package": "^1.0"
            },
            "type": "library",
            "autoload": {
                "psr-4": {
                    "Websyspro\\Logger\\": "src/"
                }
            },
            "notification-url": "https://packagist.org/downloads/",
            "license": [
                "MIT"
            ],
            "authors": [
                {
                    "name": "websyspro",
                    "email": "websyspro.services@gmail.com"
                }
            ],
            "description": "Library for logs in server api",
            "support": {
                "issues": "https://github.com/websyspro/logger/issues",
                "source": "https://github.com/websyspro/logger/tree/1.0.39"
            },
            "time": "2026-09-01T21:43:04+00:00"
        },
        {
            "name": "websyspro/package",
            "version": "1.0.84",
            "source": {
                "type": "git",
                "url": "https://github.com/websyspro/package.git",
                "reference": "9bfc28d32a20e84a9b663c74c50ac093a7d712ba"
            },
            "dist": {
                "type": "zip",
                "url": "https://api.github.com/repos/websyspro/package/zipball/9bfc28d32a20e84a9b663c74c50ac093a7d712ba",
                "reference": "9bfc28d32a20e84a9b663c74c50ac093a7d712ba",
                "shasum": ""
            },
            "bin": [
                "bin/publish"
            ],
            "type": "library",
            "autoload": {
                "psr-4": {
                    "Websyspro\\Package\\": "src/"
                }
            },
            "notification-url": "https://packagist.org/downloads/",
            "license": [
                "MIT"
            ],
            "authors": [
                {
                    "name": "websyspro",
                    "email": "websyspro.services@gmail.com"
                }
            ],
            "description": "Version Management",
            "support": {
                "issues": "https://github.com/websyspro/package/issues",
                "source": "https://github.com/websyspro/package/tree/1.0.84"
            },
            "time": "2026-09-18T13:34:52+00:00"
        },
        {
            "name": "websyspro/utils",
            "version": "1.0.13",
            "source": {
                "type": "git",
                "url": "https://github.com/websyspro/utils.git",
                "reference": "b76a59b3d7960a150652f049ac8d92925db8a032"
            },
            "dist": {
                "type": "zip",
                "url": "https://api.github.com/repos/websyspro/utils/zipball/b76a59b3d7960a150652f049ac8d92925db8a032",
                "reference": "b76a59b3d7960a150652f049ac8d92925db8a032",
                "shasum": ""
            },
            "require": {
                "websyspro/package": "^1.0"
            },
            "type": "library",
            "autoload": {
                "psr-4": {
                    "Websyspro\\Utils\\": "src/"
                }
            },
            "notification-url": "https://packagist.org/downloads/",
            "license": [
                "MIT"
            ],
            "authors": [
                {
                    "name": "websyspro",
                    "email": "websyspro.services@gmail.com"
                }
            ],
            "description": "Set of features for front-end and back-end development",
            "support": {
                "issues": "https://github.com/websyspro/utils/issues",
                "source": "https://github.com/websyspro/utils/tree/1.0.13"
            },
            "time": "2026-08-14T18:48:06+00:00"
        }
    ],
    "packages-dev": [],
    "aliases": [],
    "minimum-stability": "dev",
    "stability-flags": {},
    "prefer-stable": true,
    "prefer-lowest": false,
    "platform": {},
    "platform-dev": {},
    "plugin-api-version": "2.9.0"
}
