{
    "_readme": [
        "This file locks the dependencies of your project to a known state",
        "Read more about it at https://getcomposer.org/doc/01-basic-usage.md#installing-dependencies",
        "This file is @generated automatically"
    ],
    "content-hash": "ee945a4d292130eaada78d2b6d122e69",
    "packages": [
        {
            "name": "websyspro/connection",
            "version": "1.0.4",
            "source": {
                "type": "git",
                "url": "https://github.com/websyspro/connection.git",
                "reference": "1f2f17114a2b5a017308b45c125616dae7003808"
            },
            "dist": {
                "type": "zip",
                "url": "https://api.github.com/repos/websyspro/connection/zipball/1f2f17114a2b5a017308b45c125616dae7003808",
                "reference": "1f2f17114a2b5a017308b45c125616dae7003808",
                "shasum": ""
            },
            "require": {
                "websyspro/package": "^1.0",
                "websyspro/utils": "^1.0"
            },
            "type": "library",
            "autoload": {
                "psr-4": {
                    "Websyspro\\Connection\\": "src/"
                }
            },
            "notification-url": "https://packagist.org/downloads/",
            "license": [
                "MIT"
            ],
            "authors": [
                {
                    "name": "websyspro",
                    "email": "websyspro.services@gmail.com"
                }
            ],
            "description": "Connection to MySQL, PostgreSQL, and SQL Server databases",
            "support": {
                "issues": "https://github.com/websyspro/connection/issues",
                "source": "https://github.com/websyspro/connection/tree/1.0.4"
            },
            "time": "2026-09-18T13:39:21+00:00"
        },
        {
            "name": "websyspro/devtools",
            "version": "1.0.160",
            "source": {
                "type": "git",
                "url": "https://github.com/websyspro/devtools.git",
                "reference": "243ee1ef90d97c06e3c1a60a0fa4873efed24a2f"
            },
            "dist": {
                "type": "zip",
                "url": "https://api.github.com/repos/websyspro/devtools/zipball/243ee1ef90d97c06e3c1a60a0fa4873efed24a2f",
                "reference": "243ee1ef90d97c06e3c1a60a0fa4873efed24a2f",
                "shasum": ""
            },
            "require": {
                "websyspro/logger": "^1.0",
                "websyspro/package": "^1.0",
                "websyspro/utils": "^1.0"
            },
            "bin": [
                "bin/server-restart",
                "bin/browser-reload"
            ],
            "type": "library",
            "autoload": {
                "psr-4": {
                    "Websyspro\\DevTools\\": "src/"
                }
            },
            "notification-url": "https://packagist.org/downloads/",
            "license": [
                "MIT"
            ],
            "authors": [
                {
                    "name": "websyspro",
                    "email": "websyspro.services@gmail.com"
                }
            ],
            "description": "Set of features for hot reloads during development",
            "support": {
                "issues": "https://github.com/websyspro/devtools/issues",
                "source": "https://github.com/websyspro/devtools/tree/1.0.160"
            },
            "time": "2026-09-18T17:20:52+00:00"
        },
        {
            "name": "websyspro/entity",
            "version": "1.0.4",
            "source": {
                "type": "git",
                "url": "https://github.com/websyspro/entity.git",
                "reference": "81e1cf62bde6a47481e86e0af02471b0b1dd07b5"
            },
            "dist": {
                "type": "zip",
                "url": "https://api.github.com/repos/websyspro/entity/zipball/81e1cf62bde6a47481e86e0af02471b0b1dd07b5",
                "reference": "81e1cf62bde6a47481e86e0af02471b0b1dd07b5",
                "shasum": ""
            },
            "require": {
                "websyspro/package": "^1.0",
                "websyspro/utils": "^1.0"
            },
            "type": "library",
            "autoload": {
                "psr-4": {
                    "Websyspro\\Server\\": "src/"
                }
            },
            "notification-url": "https://packagist.org/downloads/",
            "license": [
                "MIT"
            ],
            "authors": [
                {
                    "name": "websyspro",
                    "email": "websyspro.services@gmail.com"
                }
            ],
            "description": "Library for managing controllers and services",
            "support": {
                "issues": "https://github.com/websyspro/entity/issues",
                "source": "https://github.com/websyspro/entity/tree/1.0.4"
            },
            "time": "2026-09-17T20:36:46+00:00"
        },
        {
            "name": "websyspro/logger",
            "version": "1.0.39",
            "source": {
                "type": "git",
                "url": "https://github.com/websyspro/logger.git",
                "reference": "6b269a6269043eb60a188056490556153bf77bdb"
            },
            "dist": {
                "type": "zip",
                "url": "https://api.github.com/repos/websyspro/logger/zipball/6b269a6269043eb60a188056490556153bf77bdb",
                "reference": "6b269a6269043eb60a188056490556153bf77bdb",
                "shasum": ""
            },
            "require": {
                "php": ">=7.4"
            },
            "require-dev": {
                "websyspro/package": "^1.0"
            },
            "type": "library",
            "autoload": {
                "psr-4": {
                    "Websyspro\\Logger\\": "src/"
                }
            },
            "notification-url": "https://packagist.org/downloads/",
            "license": [
                "MIT"
            ],
            "authors": [
                {
                    "name": "websyspro",
                    "email": "websyspro.services@gmail.com"
                }
            ],
            "description": "Library for logs in server api",
            "support": {
                "issues": "https://github.com/websyspro/logger/issues",
                "source": "https://github.com/websyspro/logger/tree/1.0.39"
            },
            "time": "2026-09-01T21:43:04+00:00"
        },
        {
            "name": "websyspro/package",
            "version": "1.0.84",
            "source": {
                "type": "git",
                "url": "https://github.com/websyspro/package.git",
                "reference": "9bfc28d32a20e84a9b663c74c50ac093a7d712ba"
            },
            "dist": {
                "type": "zip",
                "url": "https://api.github.com/repos/websyspro/package/zipball/9bfc28d32a20e84a9b663c74c50ac093a7d712ba",
                "reference": "9bfc28d32a20e84a9b663c74c50ac093a7d712ba",
                "shasum": ""
            },
            "bin": [
                "bin/publish"
            ],
            "type": "library",
            "autoload": {
                "psr-4": {
                    "Websyspro\\Package\\": "src/"
                }
            },
            "notification-url": "https://packagist.org/downloads/",
            "license": [
                "MIT"
            ],
            "authors": [
                {
                    "name": "websyspro",
                    "email": "websyspro.services@gmail.com"
                }
            ],
            "description": "Version Management",
            "support": {
                "issues": "https://github.com/websyspro/package/issues",
                "source": "https://github.com/websyspro/package/tree/1.0.84"
            },
            "time": "2026-09-18T13:34:52+00:00"
        },
        {
            "name": "websyspro/utils",
            "version": "1.0.13",
            "source": {
                "type": "git",
                "url": "https://github.com/websyspro/utils.git",
                "reference": "b76a59b3d7960a150652f049ac8d92925db8a032"
            },
            "dist": {
                "type": "zip",
                "url": "https://api.github.com/repos/websyspro/utils/zipball/b76a59b3d7960a150652f049ac8d92925db8a032",
                "reference": "b76a59b3d7960a150652f049ac8d92925db8a032",
                "shasum": ""
            },
            "require": {
                "websyspro/package": "^1.0"
            },
            "type": "library",
            "autoload": {
                "psr-4": {
                    "Websyspro\\Utils\\": "src/"
                }
            },
            "notification-url": "https://packagist.org/downloads/",
            "license": [
                "MIT"
            ],
            "authors": [
                {
                    "name": "websyspro",
                    "email": "websyspro.services@gmail.com"
                }
            ],
            "description": "Set of features for front-end and back-end development",
            "support": {
                "issues": "https://github.com/websyspro/utils/issues",
                "source": "https://github.com/websyspro/utils/tree/1.0.13"
            },
            "time": "2026-08-14T18:48:06+00:00"
        }
    ],
    "packages-dev": [],
    "aliases": [],
    "minimum-stability": "dev",
    "stability-flags": {},
    "prefer-stable": true,
    "prefer-lowest": false,
    "platform": {},
    "platform-dev": {},
    "plugin-api-version": "2.9.0"
}
